
Microsoft Visual Studio Solution File, Format Version 12.00
# Visual Studio Version 17
VisualStudioVersion = 17.8.34525.116
MinimumVisualStudioVersion = 10.0.40219.1
Project("{FAE04EC0-301F-11D3-BF4B-00C04F79EFBC}") = "ConsoleAppComissão", "ConsoleAppComissão\ConsoleAppComissão.csproj", "{C7C5F32C-159A-4D1E-8AE2-856F09F9BA53}"
EndProject
Global
	GlobalSection(SolutionConfigurationPlatforms) = preSolution
		Debug|Any CPU = Debug|Any CPU
		Release|Any CPU = Release|Any CPU
	EndGlobalSection
	GlobalSection(ProjectConfigurationPlatforms) = postSolution
		{C7C5F32C-159A-4D1E-8AE2-856F09F9BA53}.Debug|Any CPU.ActiveCfg = Debug|Any CPU
		{C7C5F32C-159A-4D1E-8AE2-856F09F9BA53}.Debug|Any CPU.Build.0 = Debug|Any CPU
		{C7C5F32C-159A-4D1E-8AE2-856F09F9BA53}.Release|Any CPU.ActiveCfg = Release|Any CPU
		{C7C5F32C-159A-4D1E-8AE2-856F09F9BA53}.Release|Any CPU.Build.0 = Release|Any CPU
	EndGlobalSection
	GlobalSection(SolutionProperties) = preSolution
		HideSolutionNode = FALSE
	EndGlobalSection
	GlobalSection(ExtensibilityGlobals) = postSolution
		SolutionGuid = {7D727910-2EB6-491B-AE34-598B35CC345D}
	EndGlobalSection
EndGlobal
